// !$*UTF8*$!
{
	archiveVersion = 1;
	classes = {
	};
	objectVersion = 50;
	objects = {

/* Begin PBXBuildFile section */
		8EB26D2026F9E91700C8148C /* AppDelegate.swift in Sources */ = {isa = PBXBuildFile; fileRef = 8EB26D1F26F9E91700C8148C /* AppDelegate.swift */; };
		8EB26D2226F9E91700C8148C /* SceneDelegate.swift in Sources */ = {isa = PBXBuildFile; fileRef = 8EB26D2126F9E91700C8148C /* SceneDelegate.swift */; };
		8EB26D2426F9E91700C8148C /* ImagesViewController.swift in Sources */ = {isa = PBXBuildFile; fileRef = 8EB26D2326F9E91700C8148C /* ImagesViewController.swift */; };
		8EB26D2726F9E91700C8148C /* Main.storyboard in Resources */ = {isa = PBXBuildFile; fileRef = 8EB26D2526F9E91700C8148C /* Main.storyboard */; };
		8EB26D2926F9E91900C8148C /* Assets.xcassets in Resources */ = {isa = PBXBuildFile; fileRef = 8EB26D2826F9E91900C8148C /* Assets.xcassets */; };
		8EB26D2C26F9E91900C8148C /* LaunchScreen.storyboard in Resources */ = {isa = PBXBuildFile; fileRef = 8EB26D2A26F9E91900C8148C /* LaunchScreen.storyboard */; };
		8EB26D3626F9EC2400C8148C /* NetworkService.swift in Sources */ = {isa = PBXBuildFile; fileRef = 8EB26D3526F9EC2400C8148C /* NetworkService.swift */; };
		8EB26D3826F9ED3600C8148C /* Picture.swift in Sources */ = {isa = PBXBuildFile; fileRef = 8EB26D3726F9ED3600C8148C /* Picture.swift */; };
		8EB26D3C26FA024300C8148C /* DetailViewController.swift in Sources */ = {isa = PBXBuildFile; fileRef = 8EB26D3B26FA024300C8148C /* DetailViewController.swift */; };
		8EB26D3E26FA0B3400C8148C /* URL + extension.swift in Sources */ = {isa = PBXBuildFile; fileRef = 8EB26D3D26FA0B3400C8148C /* URL + extension.swift */; };
		8EB26D4026FB4EFC00C8148C /* StorageService.swift in Sources */ = {isa = PBXBuildFile; fileRef = 8EB26D3F26FB4EFC00C8148C /* StorageService.swift */; };
		8EB26D4226FB539700C8148C /* ImagesViewModel.swift in Sources */ = {isa = PBXBuildFile; fileRef = 8EB26D4126FB539700C8148C /* ImagesViewModel.swift */; };
		8EFD8A2026FF0F5B00CE7F02 /* Observable.swift in Sources */ = {isa = PBXBuildFile; fileRef = 8EFD8A1F26FF0F5B00CE7F02 /* Observable.swift */; };
		8EFD8A2626FF188C00CE7F02 /* DetailViewModel.swift in Sources */ = {isa = PBXBuildFile; fileRef = 8EFD8A2526FF188C00CE7F02 /* DetailViewModel.swift */; };
/* End PBXBuildFile section */

/* Begin PBXFileReference section */
		8EB26D1C26F9E91700C8148C /* images.app */ = {isa = PBXFileReference; explicitFileType = wrapper.application; includeInIndex = 0; path = images.app; sourceTree = BUILT_PRODUCTS_DIR; };
		8EB26D1F26F9E91700C8148C /* AppDelegate.swift */ = {isa = PBXFileReference; lastKnownFileType = sourcecode.swift; path = AppDelegate.swift; sourceTree = "<group>"; };
		8EB26D2126F9E91700C8148C /* SceneDelegate.swift */ = {isa = PBXFileReference; lastKnownFileType = sourcecode.swift; path = SceneDelegate.swift; sourceTree = "<group>"; };
		8EB26D2326F9E91700C8148C /* ImagesViewController.swift */ = {isa = PBXFileReference; lastKnownFileType = sourcecode.swift; path = ImagesViewController.swift; sourceTree = "<group>"; };
		8EB26D2626F9E91700C8148C /* Base */ = {isa = PBXFileReference; lastKnownFileType = file.storyboard; name = Base; path = Base.lproj/Main.storyboard; sourceTree = "<group>"; };
		8EB26D2826F9E91900C8148C /* Assets.xcassets */ = {isa = PBXFileReference; lastKnownFileType = folder.assetcatalog; path = Assets.xcassets; sourceTree = "<group>"; };
		8EB26D2B26F9E91900C8148C /* Base */ = {isa = PBXFileReference; lastKnownFileType = file.storyboard; name = Base; path = Base.lproj/LaunchScreen.storyboard; sourceTree = "<group>"; };
		8EB26D2D26F9E91900C8148C /* Info.plist */ = {isa = PBXFileReference; lastKnownFileType = text.plist.xml; path = Info.plist; sourceTree = "<group>"; };
		8EB26D3526F9EC2400C8148C /* NetworkService.swift */ = {isa = PBXFileReference; lastKnownFileType = sourcecode.swift; path = NetworkService.swift; sourceTree = "<group>"; };
		8EB26D3726F9ED3600C8148C /* Picture.swift */ = {isa = PBXFileReference; lastKnownFileType = sourcecode.swift; path = Picture.swift; sourceTree = "<group>"; };
		8EB26D3B26FA024300C8148C /* DetailViewController.swift */ = {isa = PBXFileReference; lastKnownFileType = sourcecode.swift; path = DetailViewController.swift; sourceTree = "<group>"; };
		8EB26D3D26FA0B3400C8148C /* URL + extension.swift */ = {isa = PBXFileReference; lastKnownFileType = sourcecode.swift; path = "URL + extension.swift"; sourceTree = "<group>"; };
		8EB26D3F26FB4EFC00C8148C /* StorageService.swift */ = {isa = PBXFileReference; lastKnownFileType = sourcecode.swift; path = StorageService.swift; sourceTree = "<group>"; };
		8EB26D4126FB539700C8148C /* ImagesViewModel.swift */ = {isa = PBXFileReference; lastKnownFileType = sourcecode.swift; path = ImagesViewModel.swift; sourceTree = "<group>"; };
		8EFD8A1F26FF0F5B00CE7F02 /* Observable.swift */ = {isa = PBXFileReference; lastKnownFileType = sourcecode.swift; path = Observable.swift; sourceTree = "<group>"; };
		8EFD8A2526FF188C00CE7F02 /* DetailViewModel.swift */ = {isa = PBXFileReference; lastKnownFileType = sourcecode.swift; path = DetailViewModel.swift; sourceTree = "<group>"; };
/* End PBXFileReference section */

/* Begin PBXFrameworksBuildPhase section */
		8EB26D1926F9E91700C8148C /* Frameworks */ = {
			isa = PBXFrameworksBuildPhase;
			buildActionMask = 2147483647;
			files = (
			);
			runOnlyForDeploymentPostprocessing = 0;
		};
/* End PBXFrameworksBuildPhase section */

/* Begin PBXGroup section */
		8EB26D1326F9E91700C8148C = {
			isa = PBXGroup;
			children = (
				8EB26D1E26F9E91700C8148C /* images */,
				8EB26D1D26F9E91700C8148C /* Products */,
			);
			sourceTree = "<group>";
		};
		8EB26D1D26F9E91700C8148C /* Products */ = {
			isa = PBXGroup;
			children = (
				8EB26D1C26F9E91700C8148C /* images.app */,
			);
			name = Products;
			sourceTree = "<group>";
		};
		8EB26D1E26F9E91700C8148C /* images */ = {
			isa = PBXGroup;
			children = (
				8EB26D1F26F9E91700C8148C /* AppDelegate.swift */,
				8EB26D2126F9E91700C8148C /* SceneDelegate.swift */,
				8EFD8A2326FF16D500CE7F02 /* Model */,
				8EFD8A2426FF16DF00CE7F02 /* Images */,
				8EFD8A2126FF16A100CE7F02 /* Services */,
				8EFD8A2226FF16AD00CE7F02 /* Helpers */,
				8EB26D2526F9E91700C8148C /* Main.storyboard */,
				8EB26D2826F9E91900C8148C /* Assets.xcassets */,
				8EB26D2A26F9E91900C8148C /* LaunchScreen.storyboard */,
				8EB26D2D26F9E91900C8148C /* Info.plist */,
			);
			path = images;
			sourceTree = "<group>";
		};
		8EFD8A2126FF16A100CE7F02 /* Services */ = {
			isa = PBXGroup;
			children = (
				8EB26D3526F9EC2400C8148C /* NetworkService.swift */,
				8EB26D3F26FB4EFC00C8148C /* StorageService.swift */,
			);
			path = Services;
			sourceTree = "<group>";
		};
		8EFD8A2226FF16AD00CE7F02 /* Helpers */ = {
			isa = PBXGroup;
			children = (
				8EB26D3D26FA0B3400C8148C /* URL + extension.swift */,
				8EFD8A1F26FF0F5B00CE7F02 /* Observable.swift */,
			);
			path = Helpers;
			sourceTree = "<group>";
		};
		8EFD8A2326FF16D500CE7F02 /* Model */ = {
			isa = PBXGroup;
			children = (
				8EB26D3726F9ED3600C8148C /* Picture.swift */,
			);
			path = Model;
			sourceTree = "<group>";
		};
		8EFD8A2426FF16DF00CE7F02 /* Images */ = {
			isa = PBXGroup;
			children = (
				8EB26D4126FB539700C8148C /* ImagesViewModel.swift */,
				8EB26D2326F9E91700C8148C /* ImagesViewController.swift */,
				8EFD8A2526FF188C00CE7F02 /* DetailViewModel.swift */,
				8EB26D3B26FA024300C8148C /* DetailViewController.swift */,
			);
			path = Images;
			sourceTree = "<group>";
		};
/* End PBXGroup section */

/* Begin PBXNativeTarget section */
		8EB26D1B26F9E91700C8148C /* images */ = {
			isa = PBXNativeTarget;
			buildConfigurationList = 8EB26D3026F9E91900C8148C /* Build configuration list for PBXNativeTarget "images" */;
			buildPhases = (
				8EB26D1826F9E91700C8148C /* Sources */,
				8EB26D1926F9E91700C8148C /* Frameworks */,
				8EB26D1A26F9E91700C8148C /* Resources */,
			);
			buildRules = (
			);
			dependencies = (
			);
			name = images;
			productName = images;
			productReference = 8EB26D1C26F9E91700C8148C /* images.app */;
			productType = "com.apple.product-type.application";
		};
/* End PBXNativeTarget section */

/* Begin PBXProject section */
		8EB26D1426F9E91700C8148C /* Project object */ = {
			isa = PBXProject;
			attributes = {
				LastSwiftUpdateCheck = 1250;
				LastUpgradeCheck = 1250;
				TargetAttributes = {
					8EB26D1B26F9E91700C8148C = {
						CreatedOnToolsVersion = 12.5.1;
					};
				};
			};
			buildConfigurationList = 8EB26D1726F9E91700C8148C /* Build configuration list for PBXProject "images" */;
			compatibilityVersion = "Xcode 9.3";
			developmentRegion = en;
			hasScannedForEncodings = 0;
			knownRegions = (
				en,
				Base,
			);
			mainGroup = 8EB26D1326F9E91700C8148C;
			productRefGroup = 8EB26D1D26F9E91700C8148C /* Products */;
			projectDirPath = "";
			projectRoot = "";
			targets = (
				8EB26D1B26F9E91700C8148C /* images */,
			);
		};
/* End PBXProject section */

/* Begin PBXResourcesBuildPhase section */
		8EB26D1A26F9E91700C8148C /* Resources */ = {
			isa = PBXResourcesBuildPhase;
			buildActionMask = 2147483647;
			files = (
				8EB26D2C26F9E91900C8148C /* LaunchScreen.storyboard in Resources */,
				8EB26D2926F9E91900C8148C /* Assets.xcassets in Resources */,
				8EB26D2726F9E91700C8148C /* Main.storyboard in Resources */,
			);
			runOnlyForDeploymentPostprocessing = 0;
		};
/* End PBXResourcesBuildPhase section */

/* Begin PBXSourcesBuildPhase section */
		8EB26D1826F9E91700C8148C /* Sources */ = {
			isa = PBXSourcesBuildPhase;
			buildActionMask = 2147483647;
			files = (
				8EB26D4226FB539700C8148C /* ImagesViewModel.swift in Sources */,
				8EB26D2426F9E91700C8148C /* ImagesViewController.swift in Sources */,
				8EB26D3826F9ED3600C8148C /* Picture.swift in Sources */,
				8EB26D2026F9E91700C8148C /* AppDelegate.swift in Sources */,
				8EB26D3E26FA0B3400C8148C /* URL + extension.swift in Sources */,
				8EB26D4026FB4EFC00C8148C /* StorageService.swift in Sources */,
				8EFD8A2026FF0F5B00CE7F02 /* Observable.swift in Sources */,
				8EB26D3C26FA024300C8148C /* DetailViewController.swift in Sources */,
				8EB26D3626F9EC2400C8148C /* NetworkService.swift in Sources */,
				8EFD8A2626FF188C00CE7F02 /* DetailViewModel.swift in Sources */,
				8EB26D2226F9E91700C8148C /* SceneDelegate.swift in Sources */,
			);
			runOnlyForDeploymentPostprocessing = 0;
		};
/* End PBXSourcesBuildPhase section */

/* Begin PBXVariantGroup section */
		8EB26D2526F9E91700C8148C /* Main.storyboard */ = {
			isa = PBXVariantGroup;
			children = (
				8EB26D2626F9E91700C8148C /* Base */,
			);
			name = Main.storyboard;
			sourceTree = "<group>";
		};
		8EB26D2A26F9E91900C8148C /* LaunchScreen.storyboard */ = {
			isa = PBXVariantGroup;
			children = (
				8EB26D2B26F9E91900C8148C /* Base */,
			);
			name = LaunchScreen.storyboard;
			sourceTree = "<group>";
		};
/* End PBXVariantGroup section */

/* Begin XCBuildConfiguration section */
		8EB26D2E26F9E91900C8148C /* Debug */ = {
			isa = XCBuildConfiguration;
			buildSettings = {
				ALWAYS_SEARCH_USER_PATHS = NO;
				CLANG_ANALYZER_NONNULL = YES;
				CLANG_ANALYZER_NUMBER_OBJECT_CONVERSION = YES_AGGRESSIVE;
				CLANG_CXX_LANGUAGE_STANDARD = "gnu++14";
				CLANG_CXX_LIBRARY = "libc++";
				CLANG_ENABLE_MODULES = YES;
				CLANG_ENABLE_OBJC_ARC = YES;
				CLANG_ENABLE_OBJC_WEAK = YES;
				CLANG_WARN_BLOCK_CAPTURE_AUTORELEASING = YES;
				CLANG_WARN_BOOL_CONVERSION = YES;
				CLANG_WARN_COMMA = YES;
				CLANG_WARN_CONSTANT_CONVERSION = YES;
				CLANG_WARN_DEPRECATED_OBJC_IMPLEMENTATIONS = YES;
				CLANG_WARN_DIRECT_OBJC_ISA_USAGE = YES_ERROR;
				CLANG_WARN_DOCUMENTATION_COMMENTS = YES;
				CLANG_WARN_EMPTY_BODY = YES;
				CLANG_WARN_ENUM_CONVERSION = YES;
				CLANG_WARN_INFINITE_RECURSION = YES;
				CLANG_WARN_INT_CONVERSION = YES;
				CLANG_WARN_NON_LITERAL_NULL_CONVERSION = YES;
				CLANG_WARN_OBJC_IMPLICIT_RETAIN_SELF = YES;
				CLANG_WARN_OBJC_LITERAL_CONVERSION = YES;
				CLANG_WARN_OBJC_ROOT_CLASS = YES_ERROR;
				CLANG_WARN_QUOTED_INCLUDE_IN_FRAMEWORK_HEADER = YES;
				CLANG_WARN_RANGE_LOOP_ANALYSIS = YES;
				CLANG_WARN_STRICT_PROTOTYPES = YES;
				CLANG_WARN_SUSPICIOUS_MOVE = YES;
				CLANG_WARN_UNGUARDED_AVAILABILITY = YES_AGGRESSIVE;
				CLANG_WARN_UNREACHABLE_CODE = YES;
				CLANG_WARN__DUPLICATE_METHOD_MATCH = YES;
				COPY_PHASE_STRIP = NO;
				DEBUG_INFORMATION_FORMAT = dwarf;
				ENABLE_STRICT_OBJC_MSGSEND = YES;
				ENABLE_TESTABILITY = YES;
				GCC_C_LANGUAGE_STANDARD = gnu11;
				GCC_DYNAMIC_NO_PIC = NO;
				GCC_NO_COMMON_BLOCKS = YES;
				GCC_OPTIMIZATION_LEVEL = 0;
				GCC_PREPROCESSOR_DEFINITIONS = (
					"DEBUG=1",
					"$(inherited)",
				);
				GCC_WARN_64_TO_32_BIT_CONVERSION = YES;
				GCC_WARN_ABOUT_RETURN_TYPE = YES_ERROR;
				GCC_WARN_UNDECLARED_SELECTOR = YES;
				GCC_WARN_UNINITIALIZED_AUTOS = YES_AGGRESSIVE;
				GCC_WARN_UNUSED_FUNCTION = YES;
				GCC_WARN_UNUSED_VARIABLE = YES;
				IPHONEOS_DEPLOYMENT_TARGET = 14.5;
				MTL_ENABLE_DEBUG_INFO = INCLUDE_SOURCE;
				MTL_FAST_MATH = YES;
				ONLY_ACTIVE_ARCH = YES;
				SDKROOT = iphoneos;
				SWIFT_ACTIVE_COMPILATION_CONDITIONS = DEBUG;
				SWIFT_OPTIMIZATION_LEVEL = "-Onone";
			};
			name = Debug;
		};
		8EB26D2F26F9E91900C8148C /* Release */ = {
			isa = XCBuildConfiguration;
			buildSettings = {
				ALWAYS_SEARCH_USER_PATHS = NO;
				CLANG_ANALYZER_NONNULL = YES;
				CLANG_ANALYZER_NUMBER_OBJECT_CONVERSION = YES_AGGRESSIVE;
				CLANG_CXX_LANGUAGE_STANDARD = "gnu++14";
				CLANG_CXX_LIBRARY = "libc++";
				CLANG_ENABLE_MODULES = YES;
				CLANG_ENABLE_OBJC_ARC = YES;
				CLANG_ENABLE_OBJC_WEAK = YES;
				CLANG_WARN_BLOCK_CAPTURE_AUTORELEASING = YES;
				CLANG_WARN_BOOL_CONVERSION = YES;
				CLANG_WARN_COMMA = YES;
				CLANG_WARN_CONSTANT_CONVERSION = YES;
				CLANG_WARN_DEPRECATED_OBJC_IMPLEMENTATIONS = YES;
				CLANG_WARN_DIRECT_OBJC_ISA_USAGE = YES_ERROR;
				CLANG_WARN_DOCUMENTATION_COMMENTS = YES;
				CLANG_WARN_EMPTY_BODY = YES;
				CLANG_WARN_ENUM_CONVERSION = YES;
				CLANG_WARN_INFINITE_RECURSION = YES;
				CLANG_WARN_INT_CONVERSION = YES;
				CLANG_WARN_NON_LITERAL_NULL_CONVERSION = YES;
				CLANG_WARN_OBJC_IMPLICIT_RETAIN_SELF = YES;
				CLANG_WARN_OBJC_LITERAL_CONVERSION = YES;
				CLANG_WARN_OBJC_ROOT_CLASS = YES_ERROR;
				CLANG_WARN_QUOTED_INCLUDE_IN_FRAMEWORK_HEADER = YES;
				CLANG_WARN_RANGE_LOOP_ANALYSIS = YES;
				CLANG_WARN_STRICT_PROTOTYPES = YES;
				CLANG_WARN_SUSPICIOUS_MOVE = YES;
				CLANG_WARN_UNGUARDED_AVAILABILITY = YES_AGGRESSIVE;
				CLANG_WARN_UNREACHABLE_CODE = YES;
				CLANG_WARN__DUPLICATE_METHOD_MATCH = YES;
				COPY_PHASE_STRIP = NO;
				DEBUG_INFORMATION_FORMAT = "dwarf-with-dsym";
				ENABLE_NS_ASSERTIONS = NO;
				ENABLE_STRICT_OBJC_MSGSEND = YES;
				GCC_C_LANGUAGE_STANDARD = gnu11;
				GCC_NO_COMMON_BLOCKS = YES;
				GCC_WARN_64_TO_32_BIT_CONVERSION = YES;
				GCC_WARN_ABOUT_RETURN_TYPE = YES_ERROR;
				GCC_WARN_UNDECLARED_SELECTOR = YES;
				GCC_WARN_UNINITIALIZED_AUTOS = YES_AGGRESSIVE;
				GCC_WARN_UNUSED_FUNCTION = YES;
				GCC_WARN_UNUSED_VARIABLE = YES;
				IPHONEOS_DEPLOYMENT_TARGET = 14.5;
				MTL_ENABLE_DEBUG_INFO = NO;
				MTL_FAST_MATH = YES;
				SDKROOT = iphoneos;
				SWIFT_COMPILATION_MODE = wholemodule;
				SWIFT_OPTIMIZATION_LEVEL = "-O";
				VALIDATE_PRODUCT = YES;
			};
			name = Release;
		};
		8EB26D3126F9E91900C8148C /* Debug */ = {
			isa = XCBuildConfiguration;
			buildSettings = {
				ASSETCATALOG_COMPILER_APPICON_NAME = AppIcon;
				ASSETCATALOG_COMPILER_GLOBAL_ACCENT_COLOR_NAME = AccentColor;
				CODE_SIGN_STYLE = Automatic;
				DEVELOPMENT_TEAM = 5TSD29ST99;
				INFOPLIST_FILE = images/Info.plist;
				IPHONEOS_DEPLOYMENT_TARGET = 11.0;
				LD_RUNPATH_SEARCH_PATHS = (
					"$(inherited)",
					"@executable_path/Frameworks",
				);
				PRODUCT_BUNDLE_IDENTIFIER = com.sargyosipova.images;
				PRODUCT_NAME = "$(TARGET_NAME)";
				SWIFT_VERSION = 5.0;
				TARGETED_DEVICE_FAMILY = 1;
			};
			name = Debug;
		};
		8EB26D3226F9E91900C8148C /* Release */ = {
			isa = XCBuildConfiguration;
			buildSettings = {
				ASSETCATALOG_COMPILER_APPICON_NAME = AppIcon;
				ASSETCATALOG_COMPILER_GLOBAL_ACCENT_COLOR_NAME = AccentColor;
				CODE_SIGN_STYLE = Automatic;
				DEVELOPMENT_TEAM = 5TSD29ST99;
				INFOPLIST_FILE = images/Info.plist;
				IPHONEOS_DEPLOYMENT_TARGET = 11.0;
				LD_RUNPATH_SEARCH_PATHS = (
					"$(inherited)",
					"@executable_path/Frameworks",
				);
				PRODUCT_BUNDLE_IDENTIFIER = com.sargyosipova.images;
				PRODUCT_NAME = "$(TARGET_NAME)";
				SWIFT_VERSION = 5.0;
				TARGETED_DEVICE_FAMILY = 1;
			};
			name = Release;
		};
/* End XCBuildConfiguration section */

/* Begin XCConfigurationList section */
		8EB26D1726F9E91700C8148C /* Build configuration list for PBXProject "images" */ = {
			isa = XCConfigurationList;
			buildConfigurations = (
				8EB26D2E26F9E91900C8148C /* Debug */,
				8EB26D2F26F9E91900C8148C /* Release */,
			);
			defaultConfigurationIsVisible = 0;
			defaultConfigurationName = Release;
		};
		8EB26D3026F9E91900C8148C /* Build configuration list for PBXNativeTarget "images" */ = {
			isa = XCConfigurationList;
			buildConfigurations = (
				8EB26D3126F9E91900C8148C /* Debug */,
				8EB26D3226F9E91900C8148C /* Release */,
			);
			defaultConfigurationIsVisible = 0;
			defaultConfigurationName = Release;
		};
/* End XCConfigurationList section */
	};
	rootObject = 8EB26D1426F9E91700C8148C /* Project object */;
}
